
Microsoft Visual Studio Solution File, Format Version 12.00
# Visual Studio Version 16
VisualStudioVersion = 16.0.32002.261
MinimumVisualStudioVersion = 10.0.40219.1
Project("{9A19103F-16F7-4668-BE54-9A1E7A4F7556}") = "MCP2221IO", "MCP2221IO\MCP2221IO.csproj", "{807E5DEB-A3D9-45E3-811A-6B0DE943AEC5}"
EndProject
Project("{9A19103F-16F7-4668-BE54-9A1E7A4F7556}") = "MCP2221IO.UnitTests", "MCP2221IO.UnitTests\MCP2221IO.UnitTests.csproj", "{6815D645-2A0B-4758-980D-E13FAE51821F}"
EndProject
Project("{9A19103F-16F7-4668-BE54-9A1E7A4F7556}") = "MCP2221IOConsole", "MCP2221IOConsole\MCP2221IOConsole.csproj", "{9F4F2107-93D5-4886-B6C9-DE1235F59538}"
EndProject
Project("{9A19103F-16F7-4668-BE54-9A1E7A4F7556}") = "PModAqs", "PModAqs\PModAqs.csproj", "{2CF8A670-E4F9-4D71-BE18-6CEBF042B338}"
EndProject
Project("{2150E333-8FDC-42A3-9474-1A3956D46DE8}") = "Solution Items", "Solution Items", "{B9BD1691-5574-43F2-A98F-C7E7ADC54437}"
	ProjectSection(SolutionItems) = preProject
		azure-pipelines.yml = azure-pipelines.yml
		README.md = README.md
	EndProjectSection
EndProject
Global
	GlobalSection(SolutionConfigurationPlatforms) = preSolution
		Debug|Any CPU = Debug|Any CPU
		Release|Any CPU = Release|Any CPU
	EndGlobalSection
	GlobalSection(ProjectConfigurationPlatforms) = postSolution
		{807E5DEB-A3D9-45E3-811A-6B0DE943AEC5}.Debug|Any CPU.ActiveCfg = Debug|Any CPU
		{807E5DEB-A3D9-45E3-811A-6B0DE943AEC5}.Debug|Any CPU.Build.0 = Debug|Any CPU
		{807E5DEB-A3D9-45E3-811A-6B0DE943AEC5}.Release|Any CPU.ActiveCfg = Release|Any CPU
		{807E5DEB-A3D9-45E3-811A-6B0DE943AEC5}.Release|Any CPU.Build.0 = Release|Any CPU
		{6815D645-2A0B-4758-980D-E13FAE51821F}.Debug|Any CPU.ActiveCfg = Debug|Any CPU
		{6815D645-2A0B-4758-980D-E13FAE51821F}.Debug|Any CPU.Build.0 = Debug|Any CPU
		{6815D645-2A0B-4758-980D-E13FAE51821F}.Release|Any CPU.ActiveCfg = Release|Any CPU
		{6815D645-2A0B-4758-980D-E13FAE51821F}.Release|Any CPU.Build.0 = Release|Any CPU
		{9F4F2107-93D5-4886-B6C9-DE1235F59538}.Debug|Any CPU.ActiveCfg = Debug|Any CPU
		{9F4F2107-93D5-4886-B6C9-DE1235F59538}.Debug|Any CPU.Build.0 = Debug|Any CPU
		{9F4F2107-93D5-4886-B6C9-DE1235F59538}.Release|Any CPU.ActiveCfg = Release|Any CPU
		{9F4F2107-93D5-4886-B6C9-DE1235F59538}.Release|Any CPU.Build.0 = Release|Any CPU
		{2CF8A670-E4F9-4D71-BE18-6CEBF042B338}.Debug|Any CPU.ActiveCfg = Debug|Any CPU
		{2CF8A670-E4F9-4D71-BE18-6CEBF042B338}.Debug|Any CPU.Build.0 = Debug|Any CPU
		{2CF8A670-E4F9-4D71-BE18-6CEBF042B338}.Release|Any CPU.ActiveCfg = Release|Any CPU
		{2CF8A670-E4F9-4D71-BE18-6CEBF042B338}.Release|Any CPU.Build.0 = Release|Any CPU
	EndGlobalSection
	GlobalSection(SolutionProperties) = preSolution
		HideSolutionNode = FALSE
	EndGlobalSection
	GlobalSection(ExtensibilityGlobals) = postSolution
		SolutionGuid = {1FE5C3F3-C591-4073-8842-C24B0AA25793}
	EndGlobalSection
EndGlobal
